
Microsoft Visual Studio Solution File, Format Version 12.00
# Visual Studio Version 17
VisualStudioVersion = 17.12.35527.113 d17.12
MinimumVisualStudioVersion = 10.0.40219.1
Project("{FAE04EC0-301F-11D3-BF4B-00C04F79EFBC}") = "dbApp", "dbApp\dbApp.csproj", "{18150E1A-2F97-45D7-AEE9-FB2CA91C017D}"
EndProject
Global
	GlobalSection(SolutionConfigurationPlatforms) = preSolution
		Debug|Any CPU = Debug|Any CPU
		Release|Any CPU = Release|Any CPU
	EndGlobalSection
	GlobalSection(ProjectConfigurationPlatforms) = postSolution
		{18150E1A-2F97-45D7-AEE9-FB2CA91C017D}.Debug|Any CPU.ActiveCfg = Debug|Any CPU
		{18150E1A-2F97-45D7-AEE9-FB2CA91C017D}.Debug|Any CPU.Build.0 = Debug|Any CPU
		{18150E1A-2F97-45D7-AEE9-FB2CA91C017D}.Release|Any CPU.ActiveCfg = Release|Any CPU
		{18150E1A-2F97-45D7-AEE9-FB2CA91C017D}.Release|Any CPU.Build.0 = Release|Any CPU
	EndGlobalSection
	GlobalSection(SolutionProperties) = preSolution
		HideSolutionNode = FALSE
	EndGlobalSection
EndGlobal
